
Microsoft Visual Studio Solution File, Format Version 12.00
# Visual Studio 2013
VisualStudioVersion = 12.0.30723.0
MinimumVisualStudioVersion = 10.0.40219.1
Project("{FAE04EC0-301F-11D3-BF4B-00C04F79EFBC}") = "Reflection", "src\Reflection\Reflection.csproj", "{10C50D33-3151-4D4B-B6E8-749735FE92E2}"
EndProject
Project("{FAE04EC0-301F-11D3-BF4B-00C04F79EFBC}") = "WalkingSkeleton", "src\WalkingSkeleton\WalkingSkeleton.csproj", "{FE4A176F-1BA5-4EEF-B132-2860EF6C6A13}"
EndProject
Project("{FAE04EC0-301F-11D3-BF4B-00C04F79EFBC}") = "Core", "src\Core\Core.csproj", "{FB9DB4C7-F9B4-420C-9440-7F422C814F2B}"
EndProject
Project("{FAE04EC0-301F-11D3-BF4B-00C04F79EFBC}") = "UnitTests", "tests\UnitTests\UnitTests.csproj", "{B283A0A5-C05F-4267-9817-77C60A73CB53}"
EndProject
Project("{FAE04EC0-301F-11D3-BF4B-00C04F79EFBC}") = "Inspectors", "src\Inspectors\Inspectors.csproj", "{98E607C5-A551-466A-834D-4D930260DF0F}"
EndProject
Project("{FAE04EC0-301F-11D3-BF4B-00C04F79EFBC}") = "Reporting", "src\Reporting\Reporting.csproj", "{2FAF3E71-11FB-4E51-A4F0-A9F47E5649D4}"
EndProject
Project("{FAE04EC0-301F-11D3-BF4B-00C04F79EFBC}") = "UI", "src\UI\UI.csproj", "{A061A21E-8377-4849-AAA6-DB55E7EDC29E}"
EndProject
Project("{FAE04EC0-301F-11D3-BF4B-00C04F79EFBC}") = "MsBuild", "src\MsBuild\MsBuild.csproj", "{56645846-BE70-4C3A-8469-78A884689038}"
EndProject
Project("{2150E333-8FDC-42A3-9474-1A3956D46DE8}") = ".nuget", ".nuget", "{F103592A-66D3-404E-855E-9D12FD548DDF}"
	ProjectSection(SolutionItems) = preProject
		.nuget\NuGet.Config = .nuget\NuGet.Config
		.nuget\NuGet.exe = .nuget\NuGet.exe
	EndProjectSection
EndProject
Global
	GlobalSection(SolutionConfigurationPlatforms) = preSolution
		Debug|Any CPU = Debug|Any CPU
		Release|Any CPU = Release|Any CPU
	EndGlobalSection
	GlobalSection(ProjectConfigurationPlatforms) = postSolution
		{10C50D33-3151-4D4B-B6E8-749735FE92E2}.Debug|Any CPU.ActiveCfg = Debug|Any CPU
		{10C50D33-3151-4D4B-B6E8-749735FE92E2}.Debug|Any CPU.Build.0 = Debug|Any CPU
		{10C50D33-3151-4D4B-B6E8-749735FE92E2}.Release|Any CPU.ActiveCfg = Release|Any CPU
		{10C50D33-3151-4D4B-B6E8-749735FE92E2}.Release|Any CPU.Build.0 = Release|Any CPU
		{FE4A176F-1BA5-4EEF-B132-2860EF6C6A13}.Debug|Any CPU.ActiveCfg = Debug|Any CPU
		{FE4A176F-1BA5-4EEF-B132-2860EF6C6A13}.Debug|Any CPU.Build.0 = Debug|Any CPU
		{FE4A176F-1BA5-4EEF-B132-2860EF6C6A13}.Release|Any CPU.ActiveCfg = Release|Any CPU
		{FE4A176F-1BA5-4EEF-B132-2860EF6C6A13}.Release|Any CPU.Build.0 = Release|Any CPU
		{FB9DB4C7-F9B4-420C-9440-7F422C814F2B}.Debug|Any CPU.ActiveCfg = Debug|Any CPU
		{FB9DB4C7-F9B4-420C-9440-7F422C814F2B}.Debug|Any CPU.Build.0 = Debug|Any CPU
		{FB9DB4C7-F9B4-420C-9440-7F422C814F2B}.Release|Any CPU.ActiveCfg = Release|Any CPU
		{FB9DB4C7-F9B4-420C-9440-7F422C814F2B}.Release|Any CPU.Build.0 = Release|Any CPU
		{B283A0A5-C05F-4267-9817-77C60A73CB53}.Debug|Any CPU.ActiveCfg = Debug|Any CPU
		{B283A0A5-C05F-4267-9817-77C60A73CB53}.Debug|Any CPU.Build.0 = Debug|Any CPU
		{B283A0A5-C05F-4267-9817-77C60A73CB53}.Release|Any CPU.ActiveCfg = Release|Any CPU
		{B283A0A5-C05F-4267-9817-77C60A73CB53}.Release|Any CPU.Build.0 = Release|Any CPU
		{98E607C5-A551-466A-834D-4D930260DF0F}.Debug|Any CPU.ActiveCfg = Debug|Any CPU
		{98E607C5-A551-466A-834D-4D930260DF0F}.Debug|Any CPU.Build.0 = Debug|Any CPU
		{98E607C5-A551-466A-834D-4D930260DF0F}.Release|Any CPU.ActiveCfg = Release|Any CPU
		{98E607C5-A551-466A-834D-4D930260DF0F}.Release|Any CPU.Build.0 = Release|Any CPU
		{2FAF3E71-11FB-4E51-A4F0-A9F47E5649D4}.Debug|Any CPU.ActiveCfg = Debug|Any CPU
		{2FAF3E71-11FB-4E51-A4F0-A9F47E5649D4}.Debug|Any CPU.Build.0 = Debug|Any CPU
		{2FAF3E71-11FB-4E51-A4F0-A9F47E5649D4}.Release|Any CPU.ActiveCfg = Release|Any CPU
		{2FAF3E71-11FB-4E51-A4F0-A9F47E5649D4}.Release|Any CPU.Build.0 = Release|Any CPU
		{A061A21E-8377-4849-AAA6-DB55E7EDC29E}.Debug|Any CPU.ActiveCfg = Debug|Any CPU
		{A061A21E-8377-4849-AAA6-DB55E7EDC29E}.Debug|Any CPU.Build.0 = Debug|Any CPU
		{A061A21E-8377-4849-AAA6-DB55E7EDC29E}.Release|Any CPU.ActiveCfg = Release|Any CPU
		{A061A21E-8377-4849-AAA6-DB55E7EDC29E}.Release|Any CPU.Build.0 = Release|Any CPU
		{56645846-BE70-4C3A-8469-78A884689038}.Debug|Any CPU.ActiveCfg = Debug|Any CPU
		{56645846-BE70-4C3A-8469-78A884689038}.Debug|Any CPU.Build.0 = Debug|Any CPU
		{56645846-BE70-4C3A-8469-78A884689038}.Release|Any CPU.ActiveCfg = Release|Any CPU
		{56645846-BE70-4C3A-8469-78A884689038}.Release|Any CPU.Build.0 = Release|Any CPU
	EndGlobalSection
	GlobalSection(SolutionProperties) = preSolution
		HideSolutionNode = FALSE
	EndGlobalSection
EndGlobal
